# THIS IS AN AUTOGENERATED FILE. DO NOT EDIT THIS FILE DIRECTLY.
# yarn lockfile v1


"@algolia/autocomplete-core@1.9.3":
  version "1.9.3"
  resolved "https://registry.npmjs.org/@algolia/autocomplete-core/-/autocomplete-core-1.9.3.tgz"
  integrity sha512-009HdfugtGCdC4JdXUbVJClA0q0zh24yyePn+KUGk3rP7j8FEe/m5Yo/z65gn6nP/cM39PxpzqKrL7A6fP6PPw==
  dependencies:
    "@algolia/autocomplete-plugin-algolia-insights" "1.9.3"
    "@algolia/autocomplete-shared" "1.9.3"

"@algolia/autocomplete-plugin-algolia-insights@1.9.3":
  version "1.9.3"
  resolved "https://registry.npmjs.org/@algolia/autocomplete-plugin-algolia-insights/-/autocomplete-plugin-algolia-insights-1.9.3.tgz"
  integrity sha512-a/yTUkcO/Vyy+JffmAnTWbr4/90cLzw+CC3bRbhnULr/EM0fGNvM13oQQ14f2moLMcVDyAx/leczLlAOovhSZg==
  dependencies:
    "@algolia/autocomplete-shared" "1.9.3"

"@algolia/autocomplete-preset-algolia@1.9.3":
  version "1.9.3"
  resolved "https://registry.npmjs.org/@algolia/autocomplete-preset-algolia/-/autocomplete-preset-algolia-1.9.3.tgz"
  integrity sha512-d4qlt6YmrLMYy95n5TB52wtNDr6EgAIPH81dvvvW8UmuWRgxEtY0NJiPwl/h95JtG2vmRM804M0DSwMCNZlzRA==
  dependencies:
    "@algolia/autocomplete-shared" "1.9.3"

"@algolia/autocomplete-shared@1.9.3":
  version "1.9.3"
  resolved "https://registry.npmjs.org/@algolia/autocomplete-shared/-/autocomplete-shared-1.9.3.tgz"
  integrity sha512-Wnm9E4Ye6Rl6sTTqjoymD+l8DjSTHsHboVRYrKgEt8Q7UHm9nYbqhN/i0fhUYA3OAEH7WA8x3jfpnmJm3rKvaQ==

"@algolia/cache-browser-local-storage@4.23.3":
  version "4.23.3"
  resolved "https://registry.npmjs.org/@algolia/cache-browser-local-storage/-/cache-browser-local-storage-4.23.3.tgz"
  integrity sha512-vRHXYCpPlTDE7i6UOy2xE03zHF2C8MEFjPN2v7fRbqVpcOvAUQK81x3Kc21xyb5aSIpYCjWCZbYZuz8Glyzyyg==
  dependencies:
    "@algolia/cache-common" "4.23.3"

"@algolia/cache-common@4.23.3":
  version "4.23.3"
  resolved "https://registry.npmjs.org/@algolia/cache-common/-/cache-common-4.23.3.tgz"
  integrity sha512-h9XcNI6lxYStaw32pHpB1TMm0RuxphF+Ik4o7tcQiodEdpKK+wKufY6QXtba7t3k8eseirEMVB83uFFF3Nu54A==

"@algolia/cache-in-memory@4.23.3":
  version "4.23.3"
  resolved "https://registry.npmjs.org/@algolia/cache-in-memory/-/cache-in-memory-4.23.3.tgz"
  integrity sha512-yvpbuUXg/+0rbcagxNT7un0eo3czx2Uf0y4eiR4z4SD7SiptwYTpbuS0IHxcLHG3lq22ukx1T6Kjtk/rT+mqNg==
  dependencies:
    "@algolia/cache-common" "4.23.3"

"@algolia/client-account@4.23.3":
  version "4.23.3"
  resolved "https://registry.npmjs.org/@algolia/client-account/-/client-account-4.23.3.tgz"
  integrity sha512-hpa6S5d7iQmretHHF40QGq6hz0anWEHGlULcTIT9tbUssWUriN9AUXIFQ8Ei4w9azD0hc1rUok9/DeQQobhQMA==
  dependencies:
    "@algolia/client-common" "4.23.3"
    "@algolia/client-search" "4.23.3"
    "@algolia/transporter" "4.23.3"

"@algolia/client-analytics@4.23.3":
  version "4.23.3"
  resolved "https://registry.npmjs.org/@algolia/client-analytics/-/client-analytics-4.23.3.tgz"
  integrity sha512-LBsEARGS9cj8VkTAVEZphjxTjMVCci+zIIiRhpFun9jGDUlS1XmhCW7CTrnaWeIuCQS/2iPyRqSy1nXPjcBLRA==
  dependencies:
    "@algolia/client-common" "4.23.3"
    "@algolia/client-search" "4.23.3"
    "@algolia/requester-common" "4.23.3"
    "@algolia/transporter" "4.23.3"

"@algolia/client-common@4.23.3":
  version "4.23.3"
  resolved "https://registry.npmjs.org/@algolia/client-common/-/client-common-4.23.3.tgz"
  integrity sha512-l6EiPxdAlg8CYhroqS5ybfIczsGUIAC47slLPOMDeKSVXYG1n0qGiz4RjAHLw2aD0xzh2EXZ7aRguPfz7UKDKw==
  dependencies:
    "@algolia/requester-common" "4.23.3"
    "@algolia/transporter" "4.23.3"

"@algolia/client-personalization@4.23.3":
  version "4.23.3"
  resolved "https://registry.npmjs.org/@algolia/client-personalization/-/client-personalization-4.23.3.tgz"
  integrity sha512-3E3yF3Ocr1tB/xOZiuC3doHQBQ2zu2MPTYZ0d4lpfWads2WTKG7ZzmGnsHmm63RflvDeLK/UVx7j2b3QuwKQ2g==
  dependencies:
    "@algolia/client-common" "4.23.3"
    "@algolia/requester-common" "4.23.3"
    "@algolia/transporter" "4.23.3"

"@algolia/client-search@>= 4.9.1 < 6", "@algolia/client-search@4.23.3":
  version "4.23.3"
  resolved "https://registry.npmjs.org/@algolia/client-search/-/client-search-4.23.3.tgz"
  integrity sha512-P4VAKFHqU0wx9O+q29Q8YVuaowaZ5EM77rxfmGnkHUJggh28useXQdopokgwMeYw2XUht49WX5RcTQ40rZIabw==
  dependencies:
    "@algolia/client-common" "4.23.3"
    "@algolia/requester-common" "4.23.3"
    "@algolia/transporter" "4.23.3"

"@algolia/logger-common@4.23.3":
  version "4.23.3"
  resolved "https://registry.npmjs.org/@algolia/logger-common/-/logger-common-4.23.3.tgz"
  integrity sha512-y9kBtmJwiZ9ZZ+1Ek66P0M68mHQzKRxkW5kAAXYN/rdzgDN0d2COsViEFufxJ0pb45K4FRcfC7+33YB4BLrZ+g==

"@algolia/logger-console@4.23.3":
  version "4.23.3"
  resolved "https://registry.npmjs.org/@algolia/logger-console/-/logger-console-4.23.3.tgz"
  integrity sha512-8xoiseoWDKuCVnWP8jHthgaeobDLolh00KJAdMe9XPrWPuf1by732jSpgy2BlsLTaT9m32pHI8CRfrOqQzHv3A==
  dependencies:
    "@algolia/logger-common" "4.23.3"

"@algolia/recommend@4.23.3":
  version "4.23.3"
  resolved "https://registry.npmjs.org/@algolia/recommend/-/recommend-4.23.3.tgz"
  integrity sha512-9fK4nXZF0bFkdcLBRDexsnGzVmu4TSYZqxdpgBW2tEyfuSSY54D4qSRkLmNkrrz4YFvdh2GM1gA8vSsnZPR73w==
  dependencies:
    "@algolia/cache-browser-local-storage" "4.23.3"
    "@algolia/cache-common" "4.23.3"
    "@algolia/cache-in-memory" "4.23.3"
    "@algolia/client-common" "4.23.3"
    "@algolia/client-search" "4.23.3"
    "@algolia/logger-common" "4.23.3"
    "@algolia/logger-console" "4.23.3"
    "@algolia/requester-browser-xhr" "4.23.3"
    "@algolia/requester-common" "4.23.3"
    "@algolia/requester-node-http" "4.23.3"
    "@algolia/transporter" "4.23.3"

"@algolia/requester-browser-xhr@4.23.3":
  version "4.23.3"
  resolved "https://registry.npmjs.org/@algolia/requester-browser-xhr/-/requester-browser-xhr-4.23.3.tgz"
  integrity sha512-jDWGIQ96BhXbmONAQsasIpTYWslyjkiGu0Quydjlowe+ciqySpiDUrJHERIRfELE5+wFc7hc1Q5hqjGoV7yghw==
  dependencies:
    "@algolia/requester-common" "4.23.3"

"@algolia/requester-common@4.23.3":
  version "4.23.3"
  resolved "https://registry.npmjs.org/@algolia/requester-common/-/requester-common-4.23.3.tgz"
  integrity sha512-xloIdr/bedtYEGcXCiF2muajyvRhwop4cMZo+K2qzNht0CMzlRkm8YsDdj5IaBhshqfgmBb3rTg4sL4/PpvLYw==

"@algolia/requester-node-http@4.23.3":
  version "4.23.3"
  resolved "https://registry.npmjs.org/@algolia/requester-node-http/-/requester-node-http-4.23.3.tgz"
  integrity sha512-zgu++8Uj03IWDEJM3fuNl34s746JnZOWn1Uz5taV1dFyJhVM/kTNw9Ik7YJWiUNHJQXcaD8IXD1eCb0nq/aByA==
  dependencies:
    "@algolia/requester-common" "4.23.3"

"@algolia/transporter@4.23.3":
  version "4.23.3"
  resolved "https://registry.npmjs.org/@algolia/transporter/-/transporter-4.23.3.tgz"
  integrity sha512-Wjl5gttqnf/gQKJA+dafnD0Y6Yw97yvfY8R9h0dQltX1GXTgNs1zWgvtWW0tHl1EgMdhAyw189uWiZMnL3QebQ==
  dependencies:
    "@algolia/cache-common" "4.23.3"
    "@algolia/logger-common" "4.23.3"
    "@algolia/requester-common" "4.23.3"

"@babel/parser@^7.24.4":
  version "7.24.7"
  resolved "https://registry.npmjs.org/@babel/parser/-/parser-7.24.7.tgz"
  integrity sha512-9uUYRm6OqQrCqQdG1iCBwBPZgN8ciDBro2nIOFaiRz1/BCxaI7CNvQbDHvsArAC7Tw9Hda/B3U+6ui9u4HWXPw==

"@docsearch/css@^3.6.0", "@docsearch/css@3.6.0":
  version "3.6.0"
  resolved "https://registry.npmjs.org/@docsearch/css/-/css-3.6.0.tgz"
  integrity sha512-+sbxb71sWre+PwDK7X2T8+bhS6clcVMLwBPznX45Qu6opJcgRjAp7gYSDzVFp187J+feSj5dNBN1mJoi6ckkUQ==

"@docsearch/js@^3.6.0":
  version "3.6.0"
  resolved "https://registry.npmjs.org/@docsearch/js/-/js-3.6.0.tgz"
  integrity sha512-QujhqINEElrkIfKwyyyTfbsfMAYCkylInLYMRqHy7PHc8xTBQCow73tlo/Kc7oIwBrCLf0P3YhjlOeV4v8hevQ==
  dependencies:
    "@docsearch/react" "3.6.0"
    preact "^10.0.0"

"@docsearch/react@3.6.0":
  version "3.6.0"
  resolved "https://registry.npmjs.org/@docsearch/react/-/react-3.6.0.tgz"
  integrity sha512-HUFut4ztcVNmqy9gp/wxNbC7pTOHhgVVkHVGCACTuLhUKUhKAF9KYHJtMiLUJxEqiFLQiuri1fWF8zqwM/cu1w==
  dependencies:
    "@algolia/autocomplete-core" "1.9.3"
    "@algolia/autocomplete-preset-algolia" "1.9.3"
    "@docsearch/css" "3.6.0"
    algoliasearch "^4.19.1"

"@esbuild/linux-x64@0.20.2":
  version "0.20.2"
  resolved "https://registry.npmjs.org/@esbuild/linux-x64/-/linux-x64-0.20.2.tgz"
  integrity sha512-1MdwI6OOTsfQfek8sLwgyjOXAu+wKhLEoaOLTjbijk6E2WONYpH9ZU2mNtR+lZ2B4uwr+usqGuVfFT9tMtGvGw==

"@jridgewell/sourcemap-codec@^1.4.15":
  version "1.4.15"
  resolved "https://registry.npmjs.org/@jridgewell/sourcemap-codec/-/sourcemap-codec-1.4.15.tgz"
  integrity sha512-eF2rxCRulEKXHTRiDrDy6erMYWqNw4LPdQ8UQA4huuxaQsVeRPFl2oM8oDGxMFhJUWZf9McpLtJasDDZb/Bpeg==

"@rollup/rollup-linux-x64-gnu@4.18.0":
  version "4.18.0"
  resolved "https://registry.npmjs.org/@rollup/rollup-linux-x64-gnu/-/rollup-linux-x64-gnu-4.18.0.tgz"
  integrity sha512-xuglR2rBVHA5UsI8h8UbX4VJ470PtGCf5Vpswh7p2ukaqBGFTnsfzxUBetoWBWymHMxbIG0Cmx7Y9qDZzr648w==

"@rollup/rollup-linux-x64-musl@4.18.0":
  version "4.18.0"
  resolved "https://registry.npmjs.org/@rollup/rollup-linux-x64-musl/-/rollup-linux-x64-musl-4.18.0.tgz"
  integrity sha512-LKaqQL9osY/ir2geuLVvRRs+utWUNilzdE90TpyoX0eNqPzWjRm14oMEE+YLve4k/NAqCdPkGYDaDF5Sw+xBfg==

"@shikijs/core@^1.6.2", "@shikijs/core@1.6.3":
  version "1.6.3"
  resolved "https://registry.npmjs.org/@shikijs/core/-/core-1.6.3.tgz"
  integrity sha512-QnJKHFUW95GnlJLJGP6QLx4M69HM0KlXk+R2Y8lr/x4nAx1Yb/lsuxq4XwybuUjTxbJk+BT0g/kvn0bcsjGGHg==

"@shikijs/transformers@^1.6.2":
  version "1.6.3"
  resolved "https://registry.npmjs.org/@shikijs/transformers/-/transformers-1.6.3.tgz"
  integrity sha512-ptBuP/IIeqCzK3zZO/knFICZWs58uZWzbv7ND+bKOewe5NcCjZfSiMyzFwOyl23ewPJ1APjRBwLi6Asrodmmxw==
  dependencies:
    shiki "1.6.3"

"@types/estree@1.0.5":
  version "1.0.5"
  resolved "https://registry.npmjs.org/@types/estree/-/estree-1.0.5.tgz"
  integrity sha512-/kYRxGDLWzHOB7q+wtSUQlFrtcdUccpfy+X+9iMBpHK8QLLhx2wIPYuS5DYtR9Wa/YlZAbIovy7qVdB1Aq6Lyw==

"@types/linkify-it@^5":
  version "5.0.0"
  resolved "https://registry.npmjs.org/@types/linkify-it/-/linkify-it-5.0.0.tgz"
  integrity sha512-sVDA58zAw4eWAffKOaQH5/5j3XeayukzDk+ewSsnv3p4yJEZHCCzMDiZM8e0OUrRvmpGZ85jf4yDHkHsgBNr9Q==

"@types/markdown-it@^14.1.1":
  version "14.1.1"
  resolved "https://registry.npmjs.org/@types/markdown-it/-/markdown-it-14.1.1.tgz"
  integrity sha512-4NpsnpYl2Gt1ljyBGrKMxFYAYvpqbnnkgP/i/g+NLpjEUa3obn1XJCur9YbEXKDAkaXqsR1LbDnGEJ0MmKFxfg==
  dependencies:
    "@types/linkify-it" "^5"
    "@types/mdurl" "^2"

"@types/mdurl@^2":
  version "2.0.0"
  resolved "https://registry.npmjs.org/@types/mdurl/-/mdurl-2.0.0.tgz"
  integrity sha512-RGdgjQUZba5p6QEFAVx2OGb8rQDL/cPRG7GiedRzMcJ1tYnUANBncjbSB1NRGwbvjcPeikRABz2nshyPk1bhWg==

"@types/web-bluetooth@^0.0.20":
  version "0.0.20"
  resolved "https://registry.npmjs.org/@types/web-bluetooth/-/web-bluetooth-0.0.20.tgz"
  integrity sha512-g9gZnnXVq7gM7v3tJCWV/qw7w+KeOlSHAhgF9RytFyifW6AF61hdT2ucrYhPq9hLs5JIryeupHV3qGk95dH9ow==

"@vitejs/plugin-vue@^5.0.5":
  version "5.0.5"
  resolved "https://registry.npmjs.org/@vitejs/plugin-vue/-/plugin-vue-5.0.5.tgz"
  integrity sha512-LOjm7XeIimLBZyzinBQ6OSm3UBCNVCpLkxGC0oWmm2YPzVZoxMsdvNVimLTBzpAnR9hl/yn1SHGuRfe6/Td9rQ==

"@vue/compiler-core@3.4.27":
  version "3.4.27"
  resolved "https://registry.npmjs.org/@vue/compiler-core/-/compiler-core-3.4.27.tgz"
  integrity sha512-E+RyqY24KnyDXsCuQrI+mlcdW3ALND6U7Gqa/+bVwbcpcR3BRRIckFoz7Qyd4TTlnugtwuI7YgjbvsLmxb+yvg==
  dependencies:
    "@babel/parser" "^7.24.4"
    "@vue/shared" "3.4.27"
    entities "^4.5.0"
    estree-walker "^2.0.2"
    source-map-js "^1.2.0"

"@vue/compiler-dom@3.4.27":
  version "3.4.27"
  resolved "https://registry.npmjs.org/@vue/compiler-dom/-/compiler-dom-3.4.27.tgz"
  integrity sha512-kUTvochG/oVgE1w5ViSr3KUBh9X7CWirebA3bezTbB5ZKBQZwR2Mwj9uoSKRMFcz4gSMzzLXBPD6KpCLb9nvWw==
  dependencies:
    "@vue/compiler-core" "3.4.27"
    "@vue/shared" "3.4.27"

"@vue/compiler-sfc@3.4.27":
  version "3.4.27"
  resolved "https://registry.npmjs.org/@vue/compiler-sfc/-/compiler-sfc-3.4.27.tgz"
  integrity sha512-nDwntUEADssW8e0rrmE0+OrONwmRlegDA1pD6QhVeXxjIytV03yDqTey9SBDiALsvAd5U4ZrEKbMyVXhX6mCGA==
  dependencies:
    "@babel/parser" "^7.24.4"
    "@vue/compiler-core" "3.4.27"
    "@vue/compiler-dom" "3.4.27"
    "@vue/compiler-ssr" "3.4.27"
    "@vue/shared" "3.4.27"
    estree-walker "^2.0.2"
    magic-string "^0.30.10"
    postcss "^8.4.38"
    source-map-js "^1.2.0"

"@vue/compiler-ssr@3.4.27":
  version "3.4.27"
  resolved "https://registry.npmjs.org/@vue/compiler-ssr/-/compiler-ssr-3.4.27.tgz"
  integrity sha512-CVRzSJIltzMG5FcidsW0jKNQnNRYC8bT21VegyMMtHmhW3UOI7knmUehzswXLrExDLE6lQCZdrhD4ogI7c+vuw==
  dependencies:
    "@vue/compiler-dom" "3.4.27"
    "@vue/shared" "3.4.27"

"@vue/devtools-api@^7.2.1":
  version "7.2.1"
  resolved "https://registry.npmjs.org/@vue/devtools-api/-/devtools-api-7.2.1.tgz"
  integrity sha512-6oNCtyFOrNdqm6GUkFujsCgFlpbsHLnZqq7edeM/+cxAbMyCWvsaCsIMUaz7AiluKLccCGEM8fhOsjaKgBvb7g==
  dependencies:
    "@vue/devtools-kit" "^7.2.1"

"@vue/devtools-kit@^7.2.1":
  version "7.2.1"
  resolved "https://registry.npmjs.org/@vue/devtools-kit/-/devtools-kit-7.2.1.tgz"
  integrity sha512-Wak/fin1X0Q8LLIfCAHBrdaaB+R6IdpSXsDByPHbQ3BmkCP0/cIo/oEGp9i0U2+gEqD4L3V9RDjNf1S34DTzQQ==
  dependencies:
    "@vue/devtools-shared" "^7.2.1"
    hookable "^5.5.3"
    mitt "^3.0.1"
    perfect-debounce "^1.0.0"
    speakingurl "^14.0.1"

"@vue/devtools-shared@^7.2.1":
  version "7.2.1"
  resolved "https://registry.npmjs.org/@vue/devtools-shared/-/devtools-shared-7.2.1.tgz"
  integrity sha512-PCJF4UknJmOal68+X9XHyVeQ+idv0LFujkTOIW30+GaMJqwFVN9LkQKX4gLqn61KkGMdJTzQ1bt7EJag3TI6AA==
  dependencies:
    rfdc "^1.3.1"

"@vue/reactivity@3.4.27":
  version "3.4.27"
  resolved "https://registry.npmjs.org/@vue/reactivity/-/reactivity-3.4.27.tgz"
  integrity sha512-kK0g4NknW6JX2yySLpsm2jlunZJl2/RJGZ0H9ddHdfBVHcNzxmQ0sS0b09ipmBoQpY8JM2KmUw+a6sO8Zo+zIA==
  dependencies:
    "@vue/shared" "3.4.27"

"@vue/runtime-core@3.4.27":
  version "3.4.27"
  resolved "https://registry.npmjs.org/@vue/runtime-core/-/runtime-core-3.4.27.tgz"
  integrity sha512-7aYA9GEbOOdviqVvcuweTLe5Za4qBZkUY7SvET6vE8kyypxVgaT1ixHLg4urtOlrApdgcdgHoTZCUuTGap/5WA==
  dependencies:
    "@vue/reactivity" "3.4.27"
    "@vue/shared" "3.4.27"

"@vue/runtime-dom@3.4.27":
  version "3.4.27"
  resolved "https://registry.npmjs.org/@vue/runtime-dom/-/runtime-dom-3.4.27.tgz"
  integrity sha512-ScOmP70/3NPM+TW9hvVAz6VWWtZJqkbdf7w6ySsws+EsqtHvkhxaWLecrTorFxsawelM5Ys9FnDEMt6BPBDS0Q==
  dependencies:
    "@vue/runtime-core" "3.4.27"
    "@vue/shared" "3.4.27"
    csstype "^3.1.3"

"@vue/server-renderer@3.4.27":
  version "3.4.27"
  resolved "https://registry.npmjs.org/@vue/server-renderer/-/server-renderer-3.4.27.tgz"
  integrity sha512-dlAMEuvmeA3rJsOMJ2J1kXU7o7pOxgsNHVr9K8hB3ImIkSuBrIdy0vF66h8gf8Tuinf1TK3mPAz2+2sqyf3KzA==
  dependencies:
    "@vue/compiler-ssr" "3.4.27"
    "@vue/shared" "3.4.27"

"@vue/shared@^3.4.27", "@vue/shared@3.4.27":
  version "3.4.27"
  resolved "https://registry.npmjs.org/@vue/shared/-/shared-3.4.27.tgz"
  integrity sha512-DL3NmY2OFlqmYYrzp39yi3LDkKxa5vZVwxWdQ3rG0ekuWscHraeIbnI8t+aZK7qhYqEqWKTUdijadunb9pnrgA==

"@vueuse/core@^10.10.0", "@vueuse/core@10.10.0":
  version "10.10.0"
  resolved "https://registry.npmjs.org/@vueuse/core/-/core-10.10.0.tgz"
  integrity sha512-vexJ/YXYs2S42B783rI95lMt3GzEwkxzC8Hb0Ndpd8rD+p+Lk/Za4bd797Ym7yq4jXqdSyj3JLChunF/vyYjUw==
  dependencies:
    "@types/web-bluetooth" "^0.0.20"
    "@vueuse/metadata" "10.10.0"
    "@vueuse/shared" "10.10.0"
    vue-demi ">=0.14.7"

"@vueuse/integrations@^10.10.0":
  version "10.10.0"
  resolved "https://registry.npmjs.org/@vueuse/integrations/-/integrations-10.10.0.tgz"
  integrity sha512-vHGeK7X6mkdkpcm1eE9t3Cpm21pNVfZRwrjwwbrEs9XftnSgszF4831G2rei8Dt9cIYJIfFV+iyx/29muimJPQ==
  dependencies:
    "@vueuse/core" "10.10.0"
    "@vueuse/shared" "10.10.0"
    vue-demi ">=0.14.7"

"@vueuse/metadata@10.10.0":
  version "10.10.0"
  resolved "https://registry.npmjs.org/@vueuse/metadata/-/metadata-10.10.0.tgz"
  integrity sha512-UNAo2sTCAW5ge6OErPEHb5z7NEAg3XcO9Cj7OK45aZXfLLH1QkexDcZD77HBi5zvEiLOm1An+p/4b5K3Worpug==

"@vueuse/shared@10.10.0":
  version "10.10.0"
  resolved "https://registry.npmjs.org/@vueuse/shared/-/shared-10.10.0.tgz"
  integrity sha512-2aW33Ac0Uk0U+9yo3Ypg9s5KcR42cuehRWl7vnUHadQyFvCktseyxxEPBi1Eiq4D2yBGACOnqLZpx1eMc7g5Og==
  dependencies:
    vue-demi ">=0.14.7"

algoliasearch@^4.19.1, "algoliasearch@>= 4.9.1 < 6":
  version "4.23.3"
  resolved "https://registry.npmjs.org/algoliasearch/-/algoliasearch-4.23.3.tgz"
  integrity sha512-Le/3YgNvjW9zxIQMRhUHuhiUjAlKY/zsdZpfq4dlLqg6mEm0nL6yk+7f2hDOtLpxsgE4jSzDmvHL7nXdBp5feg==
  dependencies:
    "@algolia/cache-browser-local-storage" "4.23.3"
    "@algolia/cache-common" "4.23.3"
    "@algolia/cache-in-memory" "4.23.3"
    "@algolia/client-account" "4.23.3"
    "@algolia/client-analytics" "4.23.3"
    "@algolia/client-common" "4.23.3"
    "@algolia/client-personalization" "4.23.3"
    "@algolia/client-search" "4.23.3"
    "@algolia/logger-common" "4.23.3"
    "@algolia/logger-console" "4.23.3"
    "@algolia/recommend" "4.23.3"
    "@algolia/requester-browser-xhr" "4.23.3"
    "@algolia/requester-common" "4.23.3"
    "@algolia/requester-node-http" "4.23.3"
    "@algolia/transporter" "4.23.3"

asynckit@^0.4.0:
  version "0.4.0"
  resolved "https://registry.npmjs.org/asynckit/-/asynckit-0.4.0.tgz"
  integrity sha512-Oei9OH4tRh0YqU3GxhX79dM/mwVgvbZJaSNaRk+bshkj0S5cfHcgYakreBjrHwatXKbz+IoIdYLxrKim2MjW0Q==

axios@*:
  version "1.7.2"
  resolved "https://registry.npmjs.org/axios/-/axios-1.7.2.tgz"
  integrity sha512-2A8QhOMrbomlDuiLeK9XibIBzuHeRcqqNOHp0Cyp5EoJ1IFDh+XZH3A6BkXtv0K4gFGCI0Y4BM7B1wOEi0Rmgw==
  dependencies:
    follow-redirects "^1.15.6"
    form-data "^4.0.0"
    proxy-from-env "^1.1.0"

combined-stream@^1.0.8:
  version "1.0.8"
  resolved "https://registry.npmjs.org/combined-stream/-/combined-stream-1.0.8.tgz"
  integrity sha512-FQN4MRfuJeHf7cBbBMJFXhKSDq+2kAArBlmRBvcvFE5BB1HZKXtSFASDhdlz9zOYwxh8lDdnvmMOe/+5cdoEdg==
  dependencies:
    delayed-stream "~1.0.0"

csstype@^3.1.3:
  version "3.1.3"
  resolved "https://registry.npmjs.org/csstype/-/csstype-3.1.3.tgz"
  integrity sha512-M1uQkMl8rQK/szD0LNhtqxIPLpimGm8sOBwU7lLnCpSbTyY3yeU1Vc7l4KT5zT4s/yOxHH5O7tIuuLOCnLADRw==

delayed-stream@~1.0.0:
  version "1.0.0"
  resolved "https://registry.npmjs.org/delayed-stream/-/delayed-stream-1.0.0.tgz"
  integrity sha512-ZySD7Nf91aLB0RxL4KGrKHBXl7Eds1DAmEdcoVawXnLD7SDhpNgtuII2aAkg7a7QS41jxPSZ17p4VdGnMHk3MQ==

entities@^4.5.0:
  version "4.5.0"
  resolved "https://registry.npmjs.org/entities/-/entities-4.5.0.tgz"
  integrity sha512-V0hjH4dGPh9Ao5p0MoRY6BVqtwCjhz6vI5LT8AJ55H+4g9/4vbHx1I54fS0XuclLhDHArPQCiMjDxjaL8fPxhw==

esbuild@^0.20.1:
  version "0.20.2"
  resolved "https://registry.npmjs.org/esbuild/-/esbuild-0.20.2.tgz"
  integrity sha512-WdOOppmUNU+IbZ0PaDiTst80zjnrOkyJNHoKupIcVyU8Lvla3Ugx94VzkQ32Ijqd7UhHJy75gNWDMUekcrSJ6g==
  optionalDependencies:
    "@esbuild/aix-ppc64" "0.20.2"
    "@esbuild/android-arm" "0.20.2"
    "@esbuild/android-arm64" "0.20.2"
    "@esbuild/android-x64" "0.20.2"
    "@esbuild/darwin-arm64" "0.20.2"
    "@esbuild/darwin-x64" "0.20.2"
    "@esbuild/freebsd-arm64" "0.20.2"
    "@esbuild/freebsd-x64" "0.20.2"
    "@esbuild/linux-arm" "0.20.2"
    "@esbuild/linux-arm64" "0.20.2"
    "@esbuild/linux-ia32" "0.20.2"
    "@esbuild/linux-loong64" "0.20.2"
    "@esbuild/linux-mips64el" "0.20.2"
    "@esbuild/linux-ppc64" "0.20.2"
    "@esbuild/linux-riscv64" "0.20.2"
    "@esbuild/linux-s390x" "0.20.2"
    "@esbuild/linux-x64" "0.20.2"
    "@esbuild/netbsd-x64" "0.20.2"
    "@esbuild/openbsd-x64" "0.20.2"
    "@esbuild/sunos-x64" "0.20.2"
    "@esbuild/win32-arm64" "0.20.2"
    "@esbuild/win32-ia32" "0.20.2"
    "@esbuild/win32-x64" "0.20.2"

estree-walker@^2.0.2:
  version "2.0.2"
  resolved "https://registry.npmjs.org/estree-walker/-/estree-walker-2.0.2.tgz"
  integrity sha512-Rfkk/Mp/DL7JVje3u18FxFujQlTNR2q6QfMSMB7AvCBx91NGj/ba3kCfza0f6dVDbw7YlRf/nDrn7pQrCCyQ/w==

focus-trap@*, focus-trap@^7.5.4:
  version "7.5.4"
  resolved "https://registry.npmjs.org/focus-trap/-/focus-trap-7.5.4.tgz"
  integrity sha512-N7kHdlgsO/v+iD/dMoJKtsSqs5Dz/dXZVebRgJw23LDk+jMi/974zyiOYDziY2JPp8xivq9BmUGwIJMiuSBi7w==
  dependencies:
    tabbable "^6.2.0"

follow-redirects@^1.15.6:
  version "1.15.6"
  resolved "https://registry.npmjs.org/follow-redirects/-/follow-redirects-1.15.6.tgz"
  integrity sha512-wWN62YITEaOpSK584EZXJafH1AGpO8RVgElfkuXbTOrPX4fIfOyEpW/CsiNd8JdYrAoOvafRTOEnvsO++qCqFA==

form-data@^4.0.0:
  version "4.0.0"
  resolved "https://registry.npmjs.org/form-data/-/form-data-4.0.0.tgz"
  integrity sha512-ETEklSGi5t0QMZuiXoA/Q6vcnxcLQP5vdugSpuAyi6SVGi2clPPp+xgEhuMaHC+zGgn31Kd235W35f7Hykkaww==
  dependencies:
    asynckit "^0.4.0"
    combined-stream "^1.0.8"
    mime-types "^2.1.12"

hookable@^5.5.3:
  version "5.5.3"
  resolved "https://registry.npmjs.org/hookable/-/hookable-5.5.3.tgz"
  integrity sha512-Yc+BQe8SvoXH1643Qez1zqLRmbA5rCL+sSmk6TVos0LWVfNIB7PGncdlId77WzLGSIB5KaWgTaNTs2lNVEI6VQ==

magic-string@^0.30.10:
  version "0.30.10"
  resolved "https://registry.npmjs.org/magic-string/-/magic-string-0.30.10.tgz"
  integrity sha512-iIRwTIf0QKV3UAnYK4PU8uiEc4SRh5jX0mwpIwETPpHdhVM4f53RSwS/vXvN1JhGX+Cs7B8qIq3d6AH49O5fAQ==
  dependencies:
    "@jridgewell/sourcemap-codec" "^1.4.15"

mark.js@8.11.1:
  version "8.11.1"
  resolved "https://registry.npmjs.org/mark.js/-/mark.js-8.11.1.tgz"
  integrity sha512-1I+1qpDt4idfgLQG+BNWmrqku+7/2bi5nLf4YwF8y8zXvmfiTBY3PV3ZibfrjBueCByROpuBjLLFCajqkgYoLQ==

mime-db@1.52.0:
  version "1.52.0"
  resolved "https://registry.npmjs.org/mime-db/-/mime-db-1.52.0.tgz"
  integrity sha512-sPU4uV7dYlvtWJxwwxHD0PuihVNiE7TyAbQ5SWxDCB9mUYvOgroQOwYQQOKPJ8CIbE+1ETVlOoK1UC2nU3gYvg==

mime-types@^2.1.12:
  version "2.1.35"
  resolved "https://registry.npmjs.org/mime-types/-/mime-types-2.1.35.tgz"
  integrity sha512-ZDY+bPm5zTTF+YpCrAU9nK0UgICYPT0QtT1NZWFv4s++TNkcgVaT0g6+4R2uI4MjQjzysHB1zxuWL50hzaeXiw==
  dependencies:
    mime-db "1.52.0"

minisearch@^6.3.0:
  version "6.3.0"
  resolved "https://registry.npmjs.org/minisearch/-/minisearch-6.3.0.tgz"
  integrity sha512-ihFnidEeU8iXzcVHy74dhkxh/dn8Dc08ERl0xwoMMGqp4+LvRSCgicb+zGqWthVokQKvCSxITlh3P08OzdTYCQ==

mitt@^3.0.1:
  version "3.0.1"
  resolved "https://registry.npmjs.org/mitt/-/mitt-3.0.1.tgz"
  integrity sha512-vKivATfr97l2/QBCYAkXYDbrIWPM2IIKEl7YPhjCvKlG3kE2gm+uBo6nEXK3M5/Ffh/FLpKExzOQ3JJoJGFKBw==

nanoid@^3.3.7:
  version "3.3.7"
  resolved "https://registry.npmjs.org/nanoid/-/nanoid-3.3.7.tgz"
  integrity sha512-eSRppjcPIatRIMC1U6UngP8XFcz8MQWGQdt1MTBQ7NaAmvXDfvNxbvWV3x2y6CdEUciCSsDHDQZbhYaB8QEo2g==

perfect-debounce@^1.0.0:
  version "1.0.0"
  resolved "https://registry.npmjs.org/perfect-debounce/-/perfect-debounce-1.0.0.tgz"
  integrity sha512-xCy9V055GLEqoFaHoC1SoLIaLmWctgCUaBaWxDZ7/Zx4CTyX7cJQLJOok/orfjZAh9kEYpjJa4d0KcJmCbctZA==

picocolors@^1.0.0:
  version "1.0.1"
  resolved "https://registry.npmjs.org/picocolors/-/picocolors-1.0.1.tgz"
  integrity sha512-anP1Z8qwhkbmu7MFP5iTt+wQKXgwzf7zTyGlcdzabySa9vd0Xt392U0rVmz9poOaBj0uHJKyyo9/upk0HrEQew==

postcss@^8, postcss@^8.4.38:
  version "8.4.38"
  resolved "https://registry.npmjs.org/postcss/-/postcss-8.4.38.tgz"
  integrity sha512-Wglpdk03BSfXkHoQa3b/oulrotAkwrlLDRSOb9D0bN86FdRyE9lppSp33aHNPgBa0JKCoB+drFLZkQoRRYae5A==
  dependencies:
    nanoid "^3.3.7"
    picocolors "^1.0.0"
    source-map-js "^1.2.0"

preact@^10.0.0:
  version "10.22.0"
  resolved "https://registry.npmjs.org/preact/-/preact-10.22.0.tgz"
  integrity sha512-RRurnSjJPj4rp5K6XoP45Ui33ncb7e4H7WiOHVpjbkvqvA3U+N8Z6Qbo0AE6leGYBV66n8EhEaFixvIu3SkxFw==

proxy-from-env@^1.1.0:
  version "1.1.0"
  resolved "https://registry.npmjs.org/proxy-from-env/-/proxy-from-env-1.1.0.tgz"
  integrity sha512-D+zkORCbA9f1tdWRK0RaCR3GPv50cMxcrz4X8k5LTSUD1Dkw47mKJEZQNunItRTkWwgtaUSo1RVFRIG9ZXiFYg==

rfdc@^1.3.1:
  version "1.3.1"
  resolved "https://registry.npmjs.org/rfdc/-/rfdc-1.3.1.tgz"
  integrity sha512-r5a3l5HzYlIC68TpmYKlxWjmOP6wiPJ1vWv2HeLhNsRZMrCkxeqxiHlQ21oXmQ4F3SiryXBHhAD7JZqvOJjFmg==

rollup@^4.13.0:
  version "4.18.0"
  resolved "https://registry.npmjs.org/rollup/-/rollup-4.18.0.tgz"
  integrity sha512-QmJz14PX3rzbJCN1SG4Xe/bAAX2a6NpCP8ab2vfu2GiUr8AQcr2nCV/oEO3yneFarB67zk8ShlIyWb2LGTb3Sg==
  dependencies:
    "@types/estree" "1.0.5"
  optionalDependencies:
    "@rollup/rollup-android-arm-eabi" "4.18.0"
    "@rollup/rollup-android-arm64" "4.18.0"
    "@rollup/rollup-darwin-arm64" "4.18.0"
    "@rollup/rollup-darwin-x64" "4.18.0"
    "@rollup/rollup-linux-arm-gnueabihf" "4.18.0"
    "@rollup/rollup-linux-arm-musleabihf" "4.18.0"
    "@rollup/rollup-linux-arm64-gnu" "4.18.0"
    "@rollup/rollup-linux-arm64-musl" "4.18.0"
    "@rollup/rollup-linux-powerpc64le-gnu" "4.18.0"
    "@rollup/rollup-linux-riscv64-gnu" "4.18.0"
    "@rollup/rollup-linux-s390x-gnu" "4.18.0"
    "@rollup/rollup-linux-x64-gnu" "4.18.0"
    "@rollup/rollup-linux-x64-musl" "4.18.0"
    "@rollup/rollup-win32-arm64-msvc" "4.18.0"
    "@rollup/rollup-win32-ia32-msvc" "4.18.0"
    "@rollup/rollup-win32-x64-msvc" "4.18.0"
    fsevents "~2.3.2"

"search-insights@>= 1 < 3":
  version "2.14.0"
  resolved "https://registry.npmjs.org/search-insights/-/search-insights-2.14.0.tgz"
  integrity sha512-OLN6MsPMCghDOqlCtsIsYgtsC0pnwVTyT9Mu6A3ewOj1DxvzZF6COrn2g86E/c05xbktB0XN04m/t1Z+n+fTGw==

shiki@^1.6.2, shiki@1.6.3:
  version "1.6.3"
  resolved "https://registry.npmjs.org/shiki/-/shiki-1.6.3.tgz"
  integrity sha512-lE1/YGlzFY0hQSyEfsZj18xGrTWxyhFQkaiILALqTBZPbJeYFWpbUhlmTGPOupYB/qC+H6sV4UznJzcEh3WMHQ==
  dependencies:
    "@shikijs/core" "1.6.3"

source-map-js@^1.2.0:
  version "1.2.0"
  resolved "https://registry.npmjs.org/source-map-js/-/source-map-js-1.2.0.tgz"
  integrity sha512-itJW8lvSA0TXEphiRoawsCksnlf8SyvmFzIhltqAHluXd88pkCd+cXJVHTDwdCr0IzwptSm035IHQktUu1QUMg==

speakingurl@^14.0.1:
  version "14.0.1"
  resolved "https://registry.npmjs.org/speakingurl/-/speakingurl-14.0.1.tgz"
  integrity sha512-1POYv7uv2gXoyGFpBCmpDVSNV74IfsWlDW216UPjbWufNf+bSU6GdbDsxdcxtfwb4xlI3yxzOTKClUosxARYrQ==

tabbable@^6.2.0:
  version "6.2.0"
  resolved "https://registry.npmjs.org/tabbable/-/tabbable-6.2.0.tgz"
  integrity sha512-Cat63mxsVJlzYvN51JmVXIgNoUokrIaT2zLclCXjRd8boZ0004U4KCs/sToJ75C6sdlByWxpYnb5Boif1VSFew==

vite@^5.0.0, vite@^5.2.12:
  version "5.2.13"
  resolved "https://registry.npmjs.org/vite/-/vite-5.2.13.tgz"
  integrity sha512-SSq1noJfY9pR3I1TUENL3rQYDQCFqgD+lM6fTRAM8Nv6Lsg5hDLaXkjETVeBt+7vZBCMoibD+6IWnT2mJ+Zb/A==
  dependencies:
    esbuild "^0.20.1"
    postcss "^8.4.38"
    rollup "^4.13.0"
  optionalDependencies:
    fsevents "~2.3.3"

vitepress-plugin-back-to-top@^1.0.1:
  version "1.0.1"
  resolved "https://registry.npmjs.org/vitepress-plugin-back-to-top/-/vitepress-plugin-back-to-top-1.0.1.tgz"
  integrity sha512-fQUzhkV6SGEmYcO56fv6Jbz5ifseAZuoi+lPDGg0c8gpMVHgqs/D1GbfX4tbvUAtuFNv4kz88wuQRK024iZ2sQ==
  dependencies:
    vue "^3.2.45"

vitepress@^1.2.3:
  version "1.2.3"
  resolved "https://registry.npmjs.org/vitepress/-/vitepress-1.2.3.tgz"
  integrity sha512-GvEsrEeNLiDE1+fuwDAYJCYLNZDAna+EtnXlPajhv/MYeTjbNK6Bvyg6NoTdO1sbwuQJ0vuJR99bOlH53bo6lg==
  dependencies:
    "@docsearch/css" "^3.6.0"
    "@docsearch/js" "^3.6.0"
    "@shikijs/core" "^1.6.2"
    "@shikijs/transformers" "^1.6.2"
    "@types/markdown-it" "^14.1.1"
    "@vitejs/plugin-vue" "^5.0.5"
    "@vue/devtools-api" "^7.2.1"
    "@vue/shared" "^3.4.27"
    "@vueuse/core" "^10.10.0"
    "@vueuse/integrations" "^10.10.0"
    focus-trap "^7.5.4"
    mark.js "8.11.1"
    minisearch "^6.3.0"
    shiki "^1.6.2"
    vite "^5.2.12"
    vue "^3.4.27"

vue-demi@>=0.14.7:
  version "0.14.8"
  resolved "https://registry.npmjs.org/vue-demi/-/vue-demi-0.14.8.tgz"
  integrity sha512-Uuqnk9YE9SsWeReYqK2alDI5YzciATE0r2SkA6iMAtuXvNTMNACJLJEXNXaEy94ECuBe4Sk6RzRU80kjdbIo1Q==

vue@^3.0.0, "vue@^3.0.0-0 || ^2.6.0", vue@^3.2.25, vue@^3.2.45, vue@^3.4.27, vue@3.4.27:
  version "3.4.27"
  resolved "https://registry.npmjs.org/vue/-/vue-3.4.27.tgz"
  integrity sha512-8s/56uK6r01r1icG/aEOHqyMVxd1bkYcSe9j8HcKtr/xTOFWvnzIVTehNW+5Yt89f+DLBe4A569pnZLS5HzAMA==
  dependencies:
    "@vue/compiler-dom" "3.4.27"
    "@vue/compiler-sfc" "3.4.27"
    "@vue/runtime-dom" "3.4.27"
    "@vue/server-renderer" "3.4.27"
    "@vue/shared" "3.4.27"
